# This file is automatically @generated by Cargo.
# It is not intended for manual editing.
version = 4

[[package]]
name = "nxr-cli"
version = "0.0.0"
dependencies = [
 "nxr-core",
]

[[package]]
name = "nxr-completion"
version = "0.0.0"
dependencies = [
 "nxr-core",
]

[[package]]
name = "nxr-core"
version = "0.0.0"

[[package]]
name = "nxr-nix"
version = "0.0.0"
dependencies = [
 "nxr-core",
]

[[package]]
name = "nxr-process"
version = "0.0.0"
dependencies = [
 "nxr-core",
]

[[package]]
name = "nxr-task"
version = "0.0.0"
dependencies = [
 "nxr-core",
]

[[package]]
name = "nxr-watch"
version = "0.0.0"
dependencies = [
 "nxr-core",
]

[[package]]
name = "nxr-workspace"
version = "0.0.0"
dependencies = [
 "nxr-core",
]

[[package]]
name = "xtask"
version = "0.0.0"
